
Microsoft Visual Studio Solution File, Format Version 12.00
# Visual Studio Version 16
VisualStudioVersion = 25.0.1706.14
MinimumVisualStudioVersion = 10.0.40219.1
Project("{FAE04EC0-301F-11D3-BF4B-00C04F79EFBC}") = "Week13SQLiteDB", "Week13SQLiteDB\Week13SQLiteDB.csproj", "{9C8D4474-DBA4-4EEA-A88E-A6347D7B56B9}"
EndProject
Global
	GlobalSection(SolutionConfigurationPlatforms) = preSolution
		Debug|Any CPU = Debug|Any CPU
		Release|Any CPU = Release|Any CPU
	EndGlobalSection
	GlobalSection(ProjectConfigurationPlatforms) = postSolution
		{9C8D4474-DBA4-4EEA-A88E-A6347D7B56B9}.Debug|Any CPU.ActiveCfg = Debug|Any CPU
		{9C8D4474-DBA4-4EEA-A88E-A6347D7B56B9}.Debug|Any CPU.Build.0 = Debug|Any CPU
		{9C8D4474-DBA4-4EEA-A88E-A6347D7B56B9}.Release|Any CPU.ActiveCfg = Release|Any CPU
		{9C8D4474-DBA4-4EEA-A88E-A6347D7B56B9}.Release|Any CPU.Build.0 = Release|Any CPU
	EndGlobalSection
	GlobalSection(SolutionProperties) = preSolution
		HideSolutionNode = FALSE
	EndGlobalSection
	GlobalSection(ExtensibilityGlobals) = postSolution
		SolutionGuid = {5902C56D-58D6-4955-8587-646D916C24EA}
	EndGlobalSection
EndGlobal
